{
    "_meta": {
        "hash": {
            "sha256": "44564f25889f19fe639983e0b517928798f87b01a6ad23abf8af0b1101cd4bf4"
        },
        "host-environment-markers": {
            "implementation_name": "cpython",
            "implementation_version": "0",
            "os_name": "posix",
            "platform_machine": "x86_64",
            "platform_python_implementation": "CPython",
            "platform_release": "4.17.14-202.fc28.x86_64",
            "platform_system": "Linux",
            "platform_version": "#1 SMP Wed Aug 15 12:29:25 UTC 2018",
            "python_full_version": "2.7.15",
            "python_version": "2.7",
            "sys_platform": "linux2"
        },
        "pipfile-spec": 6,
        "requires": {
            "python_version": "2.7"
        },
        "sources": [
            {
                "name": "pypi",
                "url": "https://pypi.python.org/simple",
                "verify_ssl": true
            }
        ]
    },
    "default": {
        "m2crypto": {
            "hashes": [
                "sha256:a1b2751cdadc6afac3df8a5799676b7b7c67a6ad144bb62d38563062e7cd3fc6"
            ],
            "version": "==0.30.1"
        },
        "scapy": {
            "hashes": [
                "sha256:452f714f5c2eac6fd0a6146b1dbddfc24dd5f4103f3ed76227995a488cfb2b73"
            ],
            "version": "==2.4.0"
        },
        "typing": {
            "hashes": [
                "sha256:a4c8473ce11a65999c8f59cb093e70686b6c84c98df58c1dae9b3b196089858a",
                "sha256:57dcf675a99b74d64dacf6fba08fb17cf7e3d5fdff53d4a30ea2a5e7e52543d4",
                "sha256:4027c5f6127a6267a435201981ba156de91ad0d1d98e9ddc2aa173453453492d"
            ],
            "version": "==3.6.6"
        }
    },
    "develop": {}
}
